
Microsoft Visual Studio Solution File, Format Version 12.00
# Visual Studio Version 17
VisualStudioVersion = 17.6.33723.286
MinimumVisualStudioVersion = 10.0.40219.1
Project("{FAE04EC0-301F-11D3-BF4B-00C04F79EFBC}") = "WebAPI", "WebAPI\WebAPI.csproj", "{B7D68A25-4EF4-46FA-A0A7-66F85240E07C}"
EndProject
Global
	GlobalSection(SolutionConfigurationPlatforms) = preSolution
		Debug|Any CPU = Debug|Any CPU
		Release|Any CPU = Release|Any CPU
	EndGlobalSection
	GlobalSection(ProjectConfigurationPlatforms) = postSolution
		{B7D68A25-4EF4-46FA-A0A7-66F85240E07C}.Debug|Any CPU.ActiveCfg = Debug|Any CPU
		{B7D68A25-4EF4-46FA-A0A7-66F85240E07C}.Debug|Any CPU.Build.0 = Debug|Any CPU
		{B7D68A25-4EF4-46FA-A0A7-66F85240E07C}.Release|Any CPU.ActiveCfg = Release|Any CPU
		{B7D68A25-4EF4-46FA-A0A7-66F85240E07C}.Release|Any CPU.Build.0 = Release|Any CPU
	EndGlobalSection
	GlobalSection(SolutionProperties) = preSolution
		HideSolutionNode = FALSE
	EndGlobalSection
	GlobalSection(ExtensibilityGlobals) = postSolution
		SolutionGuid = {020BB5B6-C864-4379-BE0B-CE73C9E9E9A1}
	EndGlobalSection
EndGlobal
